{
  "requires": true,
  "lockfileVersion": 1,
  "dependencies": {
    "dom7": {
      "version": "2.0.3",
      "resolved": "https://registry.npmjs.org/dom7/-/dom7-2.0.3.tgz",
      "integrity": "sha512-PP926uetPkWPt8YrvT/Y04xA5w7WG/zX+t6G3o9HiyYFSfnvSB+RGnNZhWEZ687lZ9tDWbnyrPxj237k2fskKg==",
      "requires": {
        "ssr-window": "1.0.0"
      }
    },
    "framework7": {
      "version": "2.0.10",
      "resolved": "https://registry.npmjs.org/framework7/-/framework7-2.0.10.tgz",
      "integrity": "sha512-bOKUQF9VzBlwmo2sB4Xk0gvkKMwD0mRhyQDY1nbv+Mas5AOAaV2hWCuQv3NovSOhc9hiKB7tRyEexA5B74ffUQ==",
      "requires": {
        "dom7": "2.0.3",
        "path-to-regexp": "2.1.0",
        "ssr-window": "1.0.0",
        "template7": "1.3.5"
      }
    },
    "path-to-regexp": {
      "version": "2.1.0",
      "resolved": "https://registry.npmjs.org/path-to-regexp/-/path-to-regexp-2.1.0.tgz",
      "integrity": "sha512-dZY7QPCPp5r9cnNuQ955mOv4ZFVDXY/yvqeV7Y1W2PJA3PEFcuow9xKFfJxbBj1pIjOAP+M2B4/7xubmykLrXw=="
    },
    "ssr-window": {
      "version": "1.0.0",
      "resolved": "https://registry.npmjs.org/ssr-window/-/ssr-window-1.0.0.tgz",
      "integrity": "sha512-WHFyFLegz/NOgwdlFTw93Wd4c/gQ5hkv6amtdK/K0atfZvr28vwfEV7MR3NtWek+gnpiSd/tKXHQVfQRtA6OJg=="
    },
    "template7": {
      "version": "1.3.5",
      "resolved": "https://registry.npmjs.org/template7/-/template7-1.3.5.tgz",
      "integrity": "sha512-SbWQgkXba4gFl4Ni10BtZVsoc+EBxPAxskra1p8I5aK1vbmiS5tvBUqLC+g4vkAiwY2qhQYRhdaO9aUWU6lXFg=="
    }
  }
}
